// !$*UTF8*$!
{
	archiveVersion = 1;
	classes = {
	};
	objectVersion = 46;
	objects = {

/* Begin PBXBuildFile section */
		117471BE1D3F8DD600A4BB37 /* AppDelegate.swift in Sources */ = {isa = PBXBuildFile; fileRef = 117471BD1D3F8DD600A4BB37 /* AppDelegate.swift */; };
		117471C01D3F8DD600A4BB37 /* ViewController.swift in Sources */ = {isa = PBXBuildFile; fileRef = 117471BF1D3F8DD600A4BB37 /* ViewController.swift */; };
		117471C31D3F8DD600A4BB37 /* Main.storyboard in Resources */ = {isa = PBXBuildFile; fileRef = 117471C11D3F8DD600A4BB37 /* Main.storyboard */; };
		117471C51D3F8DD600A4BB37 /* Assets.xcassets in Resources */ = {isa = PBXBuildFile; fileRef = 117471C41D3F8DD600A4BB37 /* Assets.xcassets */; };
		117471C81D3F8DD600A4BB37 /* LaunchScreen.storyboard in Resources */ = {isa = PBXBuildFile; fileRef = 117471C61D3F8DD600A4BB37 /* LaunchScreen.storyboard */; };
/* End PBXBuildFile section */

/* Begin PBXFileReference section */
		117471BA1D3F8DD600A4BB37 /* CropView.app */ = {isa = PBXFileReference; explicitFileType = wrapper.application; includeInIndex = 0; path = CropView.app; sourceTree = BUILT_PRODUCTS_DIR; };
		117471BD1D3F8DD600A4BB37 /* AppDelegate.swift */ = {isa = PBXFileReference; lastKnownFileType = sourcecode.swift; path = AppDelegate.swift; sourceTree = "<group>"; };
		117471BF1D3F8DD600A4BB37 /* ViewController.swift */ = {isa = PBXFileReference; lastKnownFileType = sourcecode.swift; path = ViewController.swift; sourceTree = "<group>"; };
		117471C21D3F8DD600A4BB37 /* Base */ = {isa = PBXFileReference; lastKnownFileType = file.storyboard; name = Base; path = Base.lproj/Main.storyboard; sourceTree = "<group>"; };
		117471C41D3F8DD600A4BB37 /* Assets.xcassets */ = {isa = PBXFileReference; lastKnownFileType = folder.assetcatalog; path = Assets.xcassets; sourceTree = "<group>"; };
		117471C71D3F8DD600A4BB37 /* Base */ = {isa = PBXFileReference; lastKnownFileType = file.storyboard; name = Base; path = Base.lproj/LaunchScreen.storyboard; sourceTree = "<group>"; };
		117471C91D3F8DD600A4BB37 /* Info.plist */ = {isa = PBXFileReference; lastKnownFileType = text.plist.xml; path = Info.plist; sourceTree = "<group>"; };
/* End PBXFileReference section */

/* Begin PBXFrameworksBuildPhase section */
		117471B71D3F8DD600A4BB37 /* Frameworks */ = {
			isa = PBXFrameworksBuildPhase;
			buildActionMask = 2147483647;
			files = (
			);
			runOnlyForDeploymentPostprocessing = 0;
		};
/* End PBXFrameworksBuildPhase section */

/* Begin PBXGroup section */
		117471B11D3F8DD600A4BB37 = {
			isa = PBXGroup;
			children = (
				117471BC1D3F8DD600A4BB37 /* CropView */,
				117471BB1D3F8DD600A4BB37 /* Products */,
			);
			sourceTree = "<group>";
		};
		117471BB1D3F8DD600A4BB37 /* Products */ = {
			isa = PBXGroup;
			children = (
				117471BA1D3F8DD600A4BB37 /* CropView.app */,
			);
			name = Products;
			sourceTree = "<group>";
		};
		117471BC1D3F8DD600A4BB37 /* CropView */ = {
			isa = PBXGroup;
			children = (
				117471BD1D3F8DD600A4BB37 /* AppDelegate.swift */,
				117471BF1D3F8DD600A4BB37 /* ViewController.swift */,
				117471C11D3F8DD600A4BB37 /* Main.storyboard */,
				117471C41D3F8DD600A4BB37 /* Assets.xcassets */,
				117471C61D3F8DD600A4BB37 /* LaunchScreen.storyboard */,
				117471C91D3F8DD600A4BB37 /* Info.plist */,
			);
			path = CropView;
			sourceTree = "<group>";
		};
/* End PBXGroup section */

/* Begin PBXNativeTarget section */
		117471B91D3F8DD600A4BB37 /* CropView */ = {
			isa = PBXNativeTarget;
			buildConfigurationList = 117471CC1D3F8DD600A4BB37 /* Build configuration list for PBXNativeTarget "CropView" */;
			buildPhases = (
				117471B61D3F8DD600A4BB37 /* Sources */,
				117471B71D3F8DD600A4BB37 /* Frameworks */,
				117471B81D3F8DD600A4BB37 /* Resources */,
			);
			buildRules = (
			);
			dependencies = (
			);
			name = CropView;
			productName = CropView;
			productReference = 117471BA1D3F8DD600A4BB37 /* CropView.app */;
			productType = "com.apple.product-type.application";
		};
/* End PBXNativeTarget section */

/* Begin PBXProject section */
		117471B21D3F8DD600A4BB37 /* Project object */ = {
			isa = PBXProject;
			attributes = {
				LastSwiftUpdateCheck = 0730;
				LastUpgradeCheck = 0730;
				ORGANIZATIONNAME = YML;
				TargetAttributes = {
					117471B91D3F8DD600A4BB37 = {
						CreatedOnToolsVersion = 7.3;
					};
				};
			};
			buildConfigurationList = 117471B51D3F8DD600A4BB37 /* Build configuration list for PBXProject "CropView" */;
			compatibilityVersion = "Xcode 3.2";
			developmentRegion = English;
			hasScannedForEncodings = 0;
			knownRegions = (
				en,
				Base,
			);
			mainGroup = 117471B11D3F8DD600A4BB37;
			productRefGroup = 117471BB1D3F8DD600A4BB37 /* Products */;
			projectDirPath = "";
			projectRoot = "";
			targets = (
				117471B91D3F8DD600A4BB37 /* CropView */,
			);
		};
/* End PBXProject section */

/* Begin PBXResourcesBuildPhase section */
		117471B81D3F8DD600A4BB37 /* Resources */ = {
			isa = PBXResourcesBuildPhase;
			buildActionMask = 2147483647;
			files = (
				117471C81D3F8DD600A4BB37 /* LaunchScreen.storyboard in Resources */,
				117471C51D3F8DD600A4BB37 /* Assets.xcassets in Resources */,
				117471C31D3F8DD600A4BB37 /* Main.storyboard in Resources */,
			);
			runOnlyForDeploymentPostprocessing = 0;
		};
/* End PBXResourcesBuildPhase section */

/* Begin PBXSourcesBuildPhase section */
		117471B61D3F8DD600A4BB37 /* Sources */ = {
			isa = PBXSourcesBuildPhase;
			buildActionMask = 2147483647;
			files = (
				117471C01D3F8DD600A4BB37 /* ViewController.swift in Sources */,
				117471BE1D3F8DD600A4BB37 /* AppDelegate.swift in Sources */,
			);
			runOnlyForDeploymentPostprocessing = 0;
		};
/* End PBXSourcesBuildPhase section */

/* Begin PBXVariantGroup section */
		117471C11D3F8DD600A4BB37 /* Main.storyboard */ = {
			isa = PBXVariantGroup;
			children = (
				117471C21D3F8DD600A4BB37 /* Base */,
			);
			name = Main.storyboard;
			sourceTree = "<group>";
		};
		117471C61D3F8DD600A4BB37 /* LaunchScreen.storyboard */ = {
			isa = PBXVariantGroup;
			children = (
				117471C71D3F8DD600A4BB37 /* Base */,
			);
			name = LaunchScreen.storyboard;
			sourceTree = "<group>";
		};
/* End PBXVariantGroup section */

/* Begin XCBuildConfiguration section */
		117471CA1D3F8DD600A4BB37 /* Debug */ = {
			isa = XCBuildConfiguration;
			buildSettings = {
				ALWAYS_SEARCH_USER_PATHS = NO;
				CLANG_ANALYZER_NONNULL = YES;
				CLANG_CXX_LANGUAGE_STANDARD = "gnu++0x";
				CLANG_CXX_LIBRARY = "libc++";
				CLANG_ENABLE_MODULES = YES;
				CLANG_ENABLE_OBJC_ARC = YES;
				CLANG_WARN_BOOL_CONVERSION = YES;
				CLANG_WARN_CONSTANT_CONVERSION = YES;
				CLANG_WARN_DIRECT_OBJC_ISA_USAGE = YES_ERROR;
				CLANG_WARN_EMPTY_BODY = YES;
				CLANG_WARN_ENUM_CONVERSION = YES;
				CLANG_WARN_INT_CONVERSION = YES;
				CLANG_WARN_OBJC_ROOT_CLASS = YES_ERROR;
				CLANG_WARN_UNREACHABLE_CODE = YES;
				CLANG_WARN__DUPLICATE_METHOD_MATCH = YES;
				"CODE_SIGN_IDENTITY[sdk=iphoneos*]" = "iPhone Developer";
				COPY_PHASE_STRIP = NO;
				DEBUG_INFORMATION_FORMAT = dwarf;
				ENABLE_STRICT_OBJC_MSGSEND = YES;
				ENABLE_TESTABILITY = YES;
				GCC_C_LANGUAGE_STANDARD = gnu99;
				GCC_DYNAMIC_NO_PIC = NO;
				GCC_NO_COMMON_BLOCKS = YES;
				GCC_OPTIMIZATION_LEVEL = 0;
				GCC_PREPROCESSOR_DEFINITIONS = (
					"DEBUG=1",
					"$(inherited)",
				);
				GCC_WARN_64_TO_32_BIT_CONVERSION = YES;
				GCC_WARN_ABOUT_RETURN_TYPE = YES_ERROR;
				GCC_WARN_UNDECLARED_SELECTOR = YES;
				GCC_WARN_UNINITIALIZED_AUTOS = YES_AGGRESSIVE;
				GCC_WARN_UNUSED_FUNCTION = YES;
				GCC_WARN_UNUSED_VARIABLE = YES;
				IPHONEOS_DEPLOYMENT_TARGET = 9.3;
				MTL_ENABLE_DEBUG_INFO = YES;
				ONLY_ACTIVE_ARCH = YES;
				SDKROOT = iphoneos;
				SWIFT_OPTIMIZATION_LEVEL = "-Onone";
				TARGETED_DEVICE_FAMILY = "1,2";
			};
			name = Debug;
		};
		117471CB1D3F8DD600A4BB37 /* Release */ = {
			isa = XCBuildConfiguration;
			buildSettings = {
				ALWAYS_SEARCH_USER_PATHS = NO;
				CLANG_ANALYZER_NONNULL = YES;
				CLANG_CXX_LANGUAGE_STANDARD = "gnu++0x";
				CLANG_CXX_LIBRARY = "libc++";
				CLANG_ENABLE_MODULES = YES;
				CLANG_ENABLE_OBJC_ARC = YES;
				CLANG_WARN_BOOL_CONVERSION = YES;
				CLANG_WARN_CONSTANT_CONVERSION = YES;
				CLANG_WARN_DIRECT_OBJC_ISA_USAGE = YES_ERROR;
				CLANG_WARN_EMPTY_BODY = YES;
				CLANG_WARN_ENUM_CONVERSION = YES;
				CLANG_WARN_INT_CONVERSION = YES;
				CLANG_WARN_OBJC_ROOT_CLASS = YES_ERROR;
				CLANG_WARN_UNREACHABLE_CODE = YES;
				CLANG_WARN__DUPLICATE_METHOD_MATCH = YES;
				"CODE_SIGN_IDENTITY[sdk=iphoneos*]" = "iPhone Developer";
				COPY_PHASE_STRIP = NO;
				DEBUG_INFORMATION_FORMAT = "dwarf-with-dsym";
				ENABLE_NS_ASSERTIONS = NO;
				ENABLE_STRICT_OBJC_MSGSEND = YES;
				GCC_C_LANGUAGE_STANDARD = gnu99;
				GCC_NO_COMMON_BLOCKS = YES;
				GCC_WARN_64_TO_32_BIT_CONVERSION = YES;
				GCC_WARN_ABOUT_RETURN_TYPE = YES_ERROR;
				GCC_WARN_UNDECLARED_SELECTOR = YES;
				GCC_WARN_UNINITIALIZED_AUTOS = YES_AGGRESSIVE;
				GCC_WARN_UNUSED_FUNCTION = YES;
				GCC_WARN_UNUSED_VARIABLE = YES;
				IPHONEOS_DEPLOYMENT_TARGET = 9.3;
				MTL_ENABLE_DEBUG_INFO = NO;
				SDKROOT = iphoneos;
				TARGETED_DEVICE_FAMILY = "1,2";
				VALIDATE_PRODUCT = YES;
			};
			name = Release;
		};
		117471CD1D3F8DD600A4BB37 /* Debug */ = {
			isa = XCBuildConfiguration;
			buildSettings = {
				ASSETCATALOG_COMPILER_APPICON_NAME = AppIcon;
				INFOPLIST_FILE = CropView/Info.plist;
				LD_RUNPATH_SEARCH_PATHS = "$(inherited) @executable_path/Frameworks";
				PRODUCT_BUNDLE_IDENTIFIER = YML0158.CropView;
				PRODUCT_NAME = "$(TARGET_NAME)";
			};
			name = Debug;
		};
		117471CE1D3F8DD600A4BB37 /* Release */ = {
			isa = XCBuildConfiguration;
			buildSettings = {
				ASSETCATALOG_COMPILER_APPICON_NAME = AppIcon;
				INFOPLIST_FILE = CropView/Info.plist;
				LD_RUNPATH_SEARCH_PATHS = "$(inherited) @executable_path/Frameworks";
				PRODUCT_BUNDLE_IDENTIFIER = YML0158.CropView;
				PRODUCT_NAME = "$(TARGET_NAME)";
			};
			name = Release;
		};
/* End XCBuildConfiguration section */

/* Begin XCConfigurationList section */
		117471B51D3F8DD600A4BB37 /* Build configuration list for PBXProject "CropView" */ = {
			isa = XCConfigurationList;
			buildConfigurations = (
				117471CA1D3F8DD600A4BB37 /* Debug */,
				117471CB1D3F8DD600A4BB37 /* Release */,
			);
			defaultConfigurationIsVisible = 0;
			defaultConfigurationName = Release;
		};
		117471CC1D3F8DD600A4BB37 /* Build configuration list for PBXNativeTarget "CropView" */ = {
			isa = XCConfigurationList;
			buildConfigurations = (
				117471CD1D3F8DD600A4BB37 /* Debug */,
				117471CE1D3F8DD600A4BB37 /* Release */,
			);
			defaultConfigurationIsVisible = 0;
		};
/* End XCConfigurationList section */
	};
	rootObject = 117471B21D3F8DD600A4BB37 /* Project object */;
}
